
Microsoft Visual Studio Solution File, Format Version 12.00
# Visual Studio Version 17
VisualStudioVersion = 17.9.34728.123
MinimumVisualStudioVersion = 10.0.40219.1
Project("{FAE04EC0-301F-11D3-BF4B-00C04F79EFBC}") = "MW-Error-Renamer", "MW-Error-Renamer.csproj", "{04026B43-CE86-4350-A92C-84F0B4AAD532}"
EndProject
Global
	GlobalSection(SolutionConfigurationPlatforms) = preSolution
		Debug|Any CPU = Debug|Any CPU
		Release|Any CPU = Release|Any CPU
	EndGlobalSection
	GlobalSection(ProjectConfigurationPlatforms) = postSolution
		{04026B43-CE86-4350-A92C-84F0B4AAD532}.Debug|Any CPU.ActiveCfg = Debug|Any CPU
		{04026B43-CE86-4350-A92C-84F0B4AAD532}.Debug|Any CPU.Build.0 = Debug|Any CPU
		{04026B43-CE86-4350-A92C-84F0B4AAD532}.Release|Any CPU.ActiveCfg = Release|Any CPU
		{04026B43-CE86-4350-A92C-84F0B4AAD532}.Release|Any CPU.Build.0 = Release|Any CPU
	EndGlobalSection
	GlobalSection(SolutionProperties) = preSolution
		HideSolutionNode = FALSE
	EndGlobalSection
	GlobalSection(ExtensibilityGlobals) = postSolution
		SolutionGuid = {B1D96941-3214-4D6D-8704-65C6163CA81B}
	EndGlobalSection
EndGlobal
